
Microsoft Visual Studio Solution File, Format Version 12.00
# Visual Studio Version 17
VisualStudioVersion = 17.5.33414.496
MinimumVisualStudioVersion = 10.0.40219.1
Project("{FAE04EC0-301F-11D3-BF4B-00C04F79EFBC}") = "WebApplication1", "WebApplication1\WebApplication1.csproj", "{C21AD24D-A55A-4C9D-A654-400B7EE584ED}"
EndProject
Global
	GlobalSection(SolutionConfigurationPlatforms) = preSolution
		Debug|Any CPU = Debug|Any CPU
		Release|Any CPU = Release|Any CPU
	EndGlobalSection
	GlobalSection(ProjectConfigurationPlatforms) = postSolution
		{C21AD24D-A55A-4C9D-A654-400B7EE584ED}.Debug|Any CPU.ActiveCfg = Debug|Any CPU
		{C21AD24D-A55A-4C9D-A654-400B7EE584ED}.Debug|Any CPU.Build.0 = Debug|Any CPU
		{C21AD24D-A55A-4C9D-A654-400B7EE584ED}.Release|Any CPU.ActiveCfg = Release|Any CPU
		{C21AD24D-A55A-4C9D-A654-400B7EE584ED}.Release|Any CPU.Build.0 = Release|Any CPU
	EndGlobalSection
	GlobalSection(SolutionProperties) = preSolution
		HideSolutionNode = FALSE
	EndGlobalSection
	GlobalSection(ExtensibilityGlobals) = postSolution
		SolutionGuid = {CB3E57EF-3403-4695-A56A-068743BCEE33}
	EndGlobalSection
EndGlobal
